// !$*UTF8*$!
{
	archiveVersion = 1;
	classes = {
	};
	objectVersion = 46;
	objects = {

/* Begin PBXBuildFile section */
		40AD67661F03353100B48741 /* SelectTableViewController.swift in Sources */ = {isa = PBXBuildFile; fileRef = 40AD67651F03353100B48741 /* SelectTableViewController.swift */; };
		40AD67681F033A2300B48741 /* ResultViewController.swift in Sources */ = {isa = PBXBuildFile; fileRef = 40AD67671F033A2300B48741 /* ResultViewController.swift */; };
		40D565C81EFBAD300054CC73 /* AppDelegate.swift in Sources */ = {isa = PBXBuildFile; fileRef = 40D565C71EFBAD300054CC73 /* AppDelegate.swift */; };
		40D565CA1EFBAD300054CC73 /* ViewController.swift in Sources */ = {isa = PBXBuildFile; fileRef = 40D565C91EFBAD300054CC73 /* ViewController.swift */; };
		40D565CF1EFBAD300054CC73 /* Assets.xcassets in Resources */ = {isa = PBXBuildFile; fileRef = 40D565CE1EFBAD300054CC73 /* Assets.xcassets */; };
		40D565D21EFBAD300054CC73 /* LaunchScreen.storyboard in Resources */ = {isa = PBXBuildFile; fileRef = 40D565D01EFBAD300054CC73 /* LaunchScreen.storyboard */; };
		40D565DA1EFBAD540054CC73 /* DataManager.swift in Sources */ = {isa = PBXBuildFile; fileRef = 40D565D91EFBAD540054CC73 /* DataManager.swift */; };
		40F8E5431F041F3300AD0BF0 /* Pods_interViewTest2.framework in Frameworks */ = {isa = PBXBuildFile; fileRef = 6D865C1EEF784DFEEC8F79B9 /* Pods_interViewTest2.framework */; };
/* End PBXBuildFile section */

/* Begin PBXFileReference section */
		40AD67651F03353100B48741 /* SelectTableViewController.swift */ = {isa = PBXFileReference; fileEncoding = 4; lastKnownFileType = sourcecode.swift; path = SelectTableViewController.swift; sourceTree = "<group>"; };
		40AD67671F033A2300B48741 /* ResultViewController.swift */ = {isa = PBXFileReference; fileEncoding = 4; lastKnownFileType = sourcecode.swift; path = ResultViewController.swift; sourceTree = "<group>"; };
		40D565C41EFBAD300054CC73 /* interViewTest2.app */ = {isa = PBXFileReference; explicitFileType = wrapper.application; includeInIndex = 0; path = interViewTest2.app; sourceTree = BUILT_PRODUCTS_DIR; };
		40D565C71EFBAD300054CC73 /* AppDelegate.swift */ = {isa = PBXFileReference; lastKnownFileType = sourcecode.swift; path = AppDelegate.swift; sourceTree = "<group>"; };
		40D565C91EFBAD300054CC73 /* ViewController.swift */ = {isa = PBXFileReference; lastKnownFileType = sourcecode.swift; path = ViewController.swift; sourceTree = "<group>"; };
		40D565CE1EFBAD300054CC73 /* Assets.xcassets */ = {isa = PBXFileReference; lastKnownFileType = folder.assetcatalog; path = Assets.xcassets; sourceTree = "<group>"; };
		40D565D11EFBAD300054CC73 /* Base */ = {isa = PBXFileReference; lastKnownFileType = file.storyboard; name = Base; path = Base.lproj/LaunchScreen.storyboard; sourceTree = "<group>"; };
		40D565D31EFBAD300054CC73 /* Info.plist */ = {isa = PBXFileReference; lastKnownFileType = text.plist.xml; path = Info.plist; sourceTree = "<group>"; };
		40D565D91EFBAD540054CC73 /* DataManager.swift */ = {isa = PBXFileReference; fileEncoding = 4; lastKnownFileType = sourcecode.swift; path = DataManager.swift; sourceTree = "<group>"; };
		567A5F85B79CDB65FE002BA9 /* Pods-interViewTest2.debug.xcconfig */ = {isa = PBXFileReference; includeInIndex = 1; lastKnownFileType = text.xcconfig; name = "Pods-interViewTest2.debug.xcconfig"; path = "Pods/Target Support Files/Pods-interViewTest2/Pods-interViewTest2.debug.xcconfig"; sourceTree = "<group>"; };
		6D865C1EEF784DFEEC8F79B9 /* Pods_interViewTest2.framework */ = {isa = PBXFileReference; explicitFileType = wrapper.framework; includeInIndex = 0; path = Pods_interViewTest2.framework; sourceTree = BUILT_PRODUCTS_DIR; };
		AC60E267930236C39F6BC96F /* Pods-interViewTest2.release.xcconfig */ = {isa = PBXFileReference; includeInIndex = 1; lastKnownFileType = text.xcconfig; name = "Pods-interViewTest2.release.xcconfig"; path = "Pods/Target Support Files/Pods-interViewTest2/Pods-interViewTest2.release.xcconfig"; sourceTree = "<group>"; };
/* End PBXFileReference section */

/* Begin PBXFrameworksBuildPhase section */
		40D565C11EFBAD300054CC73 /* Frameworks */ = {
			isa = PBXFrameworksBuildPhase;
			buildActionMask = 2147483647;
			files = (
				40F8E5431F041F3300AD0BF0 /* Pods_interViewTest2.framework in Frameworks */,
			);
			runOnlyForDeploymentPostprocessing = 0;
		};
/* End PBXFrameworksBuildPhase section */

/* Begin PBXGroup section */
		2D8ED03C482AF27C3D2A8F53 /* Frameworks */ = {
			isa = PBXGroup;
			children = (
				6D865C1EEF784DFEEC8F79B9 /* Pods_interViewTest2.framework */,
			);
			name = Frameworks;
			sourceTree = "<group>";
		};
		40D565BB1EFBAD300054CC73 = {
			isa = PBXGroup;
			children = (
				40D565C61EFBAD300054CC73 /* interViewTest2 */,
				40D565C51EFBAD300054CC73 /* Products */,
				C92D7DF6EA7DE987F7306D5F /* Pods */,
				2D8ED03C482AF27C3D2A8F53 /* Frameworks */,
			);
			sourceTree = "<group>";
		};
		40D565C51EFBAD300054CC73 /* Products */ = {
			isa = PBXGroup;
			children = (
				40D565C41EFBAD300054CC73 /* interViewTest2.app */,
			);
			name = Products;
			sourceTree = "<group>";
		};
		40D565C61EFBAD300054CC73 /* interViewTest2 */ = {
			isa = PBXGroup;
			children = (
				40D565C71EFBAD300054CC73 /* AppDelegate.swift */,
				40D565C91EFBAD300054CC73 /* ViewController.swift */,
				40AD67651F03353100B48741 /* SelectTableViewController.swift */,
				40AD67671F033A2300B48741 /* ResultViewController.swift */,
				40D565D91EFBAD540054CC73 /* DataManager.swift */,
				40D565CE1EFBAD300054CC73 /* Assets.xcassets */,
				40D565D01EFBAD300054CC73 /* LaunchScreen.storyboard */,
				40D565D31EFBAD300054CC73 /* Info.plist */,
			);
			path = interViewTest2;
			sourceTree = "<group>";
		};
		C92D7DF6EA7DE987F7306D5F /* Pods */ = {
			isa = PBXGroup;
			children = (
				567A5F85B79CDB65FE002BA9 /* Pods-interViewTest2.debug.xcconfig */,
				AC60E267930236C39F6BC96F /* Pods-interViewTest2.release.xcconfig */,
			);
			name = Pods;
			sourceTree = "<group>";
		};
/* End PBXGroup section */

/* Begin PBXNativeTarget section */
		40D565C31EFBAD300054CC73 /* interViewTest2 */ = {
			isa = PBXNativeTarget;
			buildConfigurationList = 40D565D61EFBAD300054CC73 /* Build configuration list for PBXNativeTarget "interViewTest2" */;
			buildPhases = (
				4F8260995B3D99CB0827AAAD /* [CP] Check Pods Manifest.lock */,
				40D565C01EFBAD300054CC73 /* Sources */,
				40D565C11EFBAD300054CC73 /* Frameworks */,
				40D565C21EFBAD300054CC73 /* Resources */,
				6582D1CEC0502C9E489DFFD5 /* [CP] Embed Pods Frameworks */,
				4180E9C062C6D2EC1B8269C8 /* [CP] Copy Pods Resources */,
			);
			buildRules = (
			);
			dependencies = (
			);
			name = interViewTest2;
			productName = interViewTest2;
			productReference = 40D565C41EFBAD300054CC73 /* interViewTest2.app */;
			productType = "com.apple.product-type.application";
		};
/* End PBXNativeTarget section */

/* Begin PBXProject section */
		40D565BC1EFBAD300054CC73 /* Project object */ = {
			isa = PBXProject;
			attributes = {
				LastSwiftUpdateCheck = 0830;
				LastUpgradeCheck = 0830;
				ORGANIZATIONNAME = MasB1ue;
				TargetAttributes = {
					40D565C31EFBAD300054CC73 = {
						CreatedOnToolsVersion = 8.3.3;
						DevelopmentTeam = 3J6R7XRFG9;
						ProvisioningStyle = Automatic;
					};
				};
			};
			buildConfigurationList = 40D565BF1EFBAD300054CC73 /* Build configuration list for PBXProject "interViewTest2" */;
			compatibilityVersion = "Xcode 3.2";
			developmentRegion = English;
			hasScannedForEncodings = 0;
			knownRegions = (
				en,
				Base,
			);
			mainGroup = 40D565BB1EFBAD300054CC73;
			productRefGroup = 40D565C51EFBAD300054CC73 /* Products */;
			projectDirPath = "";
			projectRoot = "";
			targets = (
				40D565C31EFBAD300054CC73 /* interViewTest2 */,
			);
		};
/* End PBXProject section */

/* Begin PBXResourcesBuildPhase section */
		40D565C21EFBAD300054CC73 /* Resources */ = {
			isa = PBXResourcesBuildPhase;
			buildActionMask = 2147483647;
			files = (
				40D565D21EFBAD300054CC73 /* LaunchScreen.storyboard in Resources */,
				40D565CF1EFBAD300054CC73 /* Assets.xcassets in Resources */,
			);
			runOnlyForDeploymentPostprocessing = 0;
		};
/* End PBXResourcesBuildPhase section */

/* Begin PBXShellScriptBuildPhase section */
		4180E9C062C6D2EC1B8269C8 /* [CP] Copy Pods Resources */ = {
			isa = PBXShellScriptBuildPhase;
			buildActionMask = 2147483647;
			files = (
			);
			inputPaths = (
			);
			name = "[CP] Copy Pods Resources";
			outputPaths = (
			);
			runOnlyForDeploymentPostprocessing = 0;
			shellPath = /bin/sh;
			shellScript = "\"${SRCROOT}/Pods/Target Support Files/Pods-interViewTest2/Pods-interViewTest2-resources.sh\"\n";
			showEnvVarsInLog = 0;
		};
		4F8260995B3D99CB0827AAAD /* [CP] Check Pods Manifest.lock */ = {
			isa = PBXShellScriptBuildPhase;
			buildActionMask = 2147483647;
			files = (
			);
			inputPaths = (
			);
			name = "[CP] Check Pods Manifest.lock";
			outputPaths = (
			);
			runOnlyForDeploymentPostprocessing = 0;
			shellPath = /bin/sh;
			shellScript = "diff \"${PODS_PODFILE_DIR_PATH}/Podfile.lock\" \"${PODS_ROOT}/Manifest.lock\" > /dev/null\nif [ $? != 0 ] ; then\n    # print error to STDERR\n    echo \"error: The sandbox is not in sync with the Podfile.lock. Run 'pod install' or update your CocoaPods installation.\" >&2\n    exit 1\nfi\n";
			showEnvVarsInLog = 0;
		};
		6582D1CEC0502C9E489DFFD5 /* [CP] Embed Pods Frameworks */ = {
			isa = PBXShellScriptBuildPhase;
			buildActionMask = 2147483647;
			files = (
			);
			inputPaths = (
			);
			name = "[CP] Embed Pods Frameworks";
			outputPaths = (
			);
			runOnlyForDeploymentPostprocessing = 0;
			shellPath = /bin/sh;
			shellScript = "\"${SRCROOT}/Pods/Target Support Files/Pods-interViewTest2/Pods-interViewTest2-frameworks.sh\"\n";
			showEnvVarsInLog = 0;
		};
/* End PBXShellScriptBuildPhase section */

/* Begin PBXSourcesBuildPhase section */
		40D565C01EFBAD300054CC73 /* Sources */ = {
			isa = PBXSourcesBuildPhase;
			buildActionMask = 2147483647;
			files = (
				40AD67681F033A2300B48741 /* ResultViewController.swift in Sources */,
				40D565CA1EFBAD300054CC73 /* ViewController.swift in Sources */,
				40AD67661F03353100B48741 /* SelectTableViewController.swift in Sources */,
				40D565DA1EFBAD540054CC73 /* DataManager.swift in Sources */,
				40D565C81EFBAD300054CC73 /* AppDelegate.swift in Sources */,
			);
			runOnlyForDeploymentPostprocessing = 0;
		};
/* End PBXSourcesBuildPhase section */

/* Begin PBXVariantGroup section */
		40D565D01EFBAD300054CC73 /* LaunchScreen.storyboard */ = {
			isa = PBXVariantGroup;
			children = (
				40D565D11EFBAD300054CC73 /* Base */,
			);
			name = LaunchScreen.storyboard;
			sourceTree = "<group>";
		};
/* End PBXVariantGroup section */

/* Begin XCBuildConfiguration section */
		40D565D41EFBAD300054CC73 /* Debug */ = {
			isa = XCBuildConfiguration;
			buildSettings = {
				ALWAYS_SEARCH_USER_PATHS = NO;
				CLANG_ANALYZER_NONNULL = YES;
				CLANG_ANALYZER_NUMBER_OBJECT_CONVERSION = YES_AGGRESSIVE;
				CLANG_CXX_LANGUAGE_STANDARD = "gnu++0x";
				CLANG_CXX_LIBRARY = "libc++";
				CLANG_ENABLE_MODULES = YES;
				CLANG_ENABLE_OBJC_ARC = YES;
				CLANG_WARN_BOOL_CONVERSION = YES;
				CLANG_WARN_CONSTANT_CONVERSION = YES;
				CLANG_WARN_DIRECT_OBJC_ISA_USAGE = YES_ERROR;
				CLANG_WARN_DOCUMENTATION_COMMENTS = YES;
				CLANG_WARN_EMPTY_BODY = YES;
				CLANG_WARN_ENUM_CONVERSION = YES;
				CLANG_WARN_INFINITE_RECURSION = YES;
				CLANG_WARN_INT_CONVERSION = YES;
				CLANG_WARN_OBJC_ROOT_CLASS = YES_ERROR;
				CLANG_WARN_SUSPICIOUS_MOVE = YES;
				CLANG_WARN_UNREACHABLE_CODE = YES;
				CLANG_WARN__DUPLICATE_METHOD_MATCH = YES;
				"CODE_SIGN_IDENTITY[sdk=iphoneos*]" = "iPhone Developer";
				COPY_PHASE_STRIP = NO;
				DEBUG_INFORMATION_FORMAT = dwarf;
				ENABLE_STRICT_OBJC_MSGSEND = YES;
				ENABLE_TESTABILITY = YES;
				GCC_C_LANGUAGE_STANDARD = gnu99;
				GCC_DYNAMIC_NO_PIC = NO;
				GCC_NO_COMMON_BLOCKS = YES;
				GCC_OPTIMIZATION_LEVEL = 0;
				GCC_PREPROCESSOR_DEFINITIONS = (
					"DEBUG=1",
					"$(inherited)",
				);
				GCC_WARN_64_TO_32_BIT_CONVERSION = YES;
				GCC_WARN_ABOUT_RETURN_TYPE = YES_ERROR;
				GCC_WARN_UNDECLARED_SELECTOR = YES;
				GCC_WARN_UNINITIALIZED_AUTOS = YES_AGGRESSIVE;
				GCC_WARN_UNUSED_FUNCTION = YES;
				GCC_WARN_UNUSED_VARIABLE = YES;
				IPHONEOS_DEPLOYMENT_TARGET = 10.3;
				MTL_ENABLE_DEBUG_INFO = YES;
				ONLY_ACTIVE_ARCH = YES;
				SDKROOT = iphoneos;
				SWIFT_ACTIVE_COMPILATION_CONDITIONS = DEBUG;
				SWIFT_OPTIMIZATION_LEVEL = "-Onone";
			};
			name = Debug;
		};
		40D565D51EFBAD300054CC73 /* Release */ = {
			isa = XCBuildConfiguration;
			buildSettings = {
				ALWAYS_SEARCH_USER_PATHS = NO;
				CLANG_ANALYZER_NONNULL = YES;
				CLANG_ANALYZER_NUMBER_OBJECT_CONVERSION = YES_AGGRESSIVE;
				CLANG_CXX_LANGUAGE_STANDARD = "gnu++0x";
				CLANG_CXX_LIBRARY = "libc++";
				CLANG_ENABLE_MODULES = YES;
				CLANG_ENABLE_OBJC_ARC = YES;
				CLANG_WARN_BOOL_CONVERSION = YES;
				CLANG_WARN_CONSTANT_CONVERSION = YES;
				CLANG_WARN_DIRECT_OBJC_ISA_USAGE = YES_ERROR;
				CLANG_WARN_DOCUMENTATION_COMMENTS = YES;
				CLANG_WARN_EMPTY_BODY = YES;
				CLANG_WARN_ENUM_CONVERSION = YES;
				CLANG_WARN_INFINITE_RECURSION = YES;
				CLANG_WARN_INT_CONVERSION = YES;
				CLANG_WARN_OBJC_ROOT_CLASS = YES_ERROR;
				CLANG_WARN_SUSPICIOUS_MOVE = YES;
				CLANG_WARN_UNREACHABLE_CODE = YES;
				CLANG_WARN__DUPLICATE_METHOD_MATCH = YES;
				"CODE_SIGN_IDENTITY[sdk=iphoneos*]" = "iPhone Developer";
				COPY_PHASE_STRIP = NO;
				DEBUG_INFORMATION_FORMAT = "dwarf-with-dsym";
				ENABLE_NS_ASSERTIONS = NO;
				ENABLE_STRICT_OBJC_MSGSEND = YES;
				GCC_C_LANGUAGE_STANDARD = gnu99;
				GCC_NO_COMMON_BLOCKS = YES;
				GCC_WARN_64_TO_32_BIT_CONVERSION = YES;
				GCC_WARN_ABOUT_RETURN_TYPE = YES_ERROR;
				GCC_WARN_UNDECLARED_SELECTOR = YES;
				GCC_WARN_UNINITIALIZED_AUTOS = YES_AGGRESSIVE;
				GCC_WARN_UNUSED_FUNCTION = YES;
				GCC_WARN_UNUSED_VARIABLE = YES;
				IPHONEOS_DEPLOYMENT_TARGET = 10.3;
				MTL_ENABLE_DEBUG_INFO = NO;
				SDKROOT = iphoneos;
				SWIFT_OPTIMIZATION_LEVEL = "-Owholemodule";
				VALIDATE_PRODUCT = YES;
			};
			name = Release;
		};
		40D565D71EFBAD300054CC73 /* Debug */ = {
			isa = XCBuildConfiguration;
			baseConfigurationReference = 567A5F85B79CDB65FE002BA9 /* Pods-interViewTest2.debug.xcconfig */;
			buildSettings = {
				ASSETCATALOG_COMPILER_APPICON_NAME = AppIcon;
				DEVELOPMENT_TEAM = 3J6R7XRFG9;
				INFOPLIST_FILE = interViewTest2/Info.plist;
				LD_RUNPATH_SEARCH_PATHS = "$(inherited) @executable_path/Frameworks";
				PRODUCT_BUNDLE_IDENTIFIER = com.MasB1ue.interViewTest2;
				PRODUCT_NAME = "$(TARGET_NAME)";
				SWIFT_VERSION = 3.0;
			};
			name = Debug;
		};
		40D565D81EFBAD300054CC73 /* Release */ = {
			isa = XCBuildConfiguration;
			baseConfigurationReference = AC60E267930236C39F6BC96F /* Pods-interViewTest2.release.xcconfig */;
			buildSettings = {
				ASSETCATALOG_COMPILER_APPICON_NAME = AppIcon;
				DEVELOPMENT_TEAM = 3J6R7XRFG9;
				GCC_OPTIMIZATION_LEVEL = 0;
				INFOPLIST_FILE = interViewTest2/Info.plist;
				LD_RUNPATH_SEARCH_PATHS = "$(inherited) @executable_path/Frameworks";
				PRODUCT_BUNDLE_IDENTIFIER = com.MasB1ue.interViewTest2;
				PRODUCT_NAME = "$(TARGET_NAME)";
				SWIFT_VERSION = 3.0;
			};
			name = Release;
		};
/* End XCBuildConfiguration section */

/* Begin XCConfigurationList section */
		40D565BF1EFBAD300054CC73 /* Build configuration list for PBXProject "interViewTest2" */ = {
			isa = XCConfigurationList;
			buildConfigurations = (
				40D565D41EFBAD300054CC73 /* Debug */,
				40D565D51EFBAD300054CC73 /* Release */,
			);
			defaultConfigurationIsVisible = 0;
			defaultConfigurationName = Release;
		};
		40D565D61EFBAD300054CC73 /* Build configuration list for PBXNativeTarget "interViewTest2" */ = {
			isa = XCConfigurationList;
			buildConfigurations = (
				40D565D71EFBAD300054CC73 /* Debug */,
				40D565D81EFBAD300054CC73 /* Release */,
			);
			defaultConfigurationIsVisible = 0;
			defaultConfigurationName = Release;
		};
/* End XCConfigurationList section */
	};
	rootObject = 40D565BC1EFBAD300054CC73 /* Project object */;
}
